<Solution>
  <Project Path="SaraTort.Admin/SaraTort.Admin.csproj" />
  <Project Path="SaraTort.BLL/SaraTort.BLL.csproj" />
  <Project Path="SaraTort.DAL/SaraTort.DAL.csproj" />
  <Project Path="SaraTort.Domain/SaraTort.Domain.csproj" />
  <Project Path="SaraTort.Shared/SaraTort.Shared.csproj" />
  <Project Path="SaraTort/SaraTort.csproj" />
</Solution>
